
Microsoft Visual Studio Solution File, Format Version 12.00
# Visual Studio Version 16
VisualStudioVersion = 16.0.31205.134
MinimumVisualStudioVersion = 10.0.40219.1
Project("{FAE04EC0-301F-11D3-BF4B-00C04F79EFBC}") = "HelloWorldAzureDemo", "HelloWorldAzureDemo\HelloWorldAzureDemo.csproj", "{178AA74E-6C79-476F-B251-F09F837E2D87}"
EndProject
Global
	GlobalSection(SolutionConfigurationPlatforms) = preSolution
		Debug|Any CPU = Debug|Any CPU
		Release|Any CPU = Release|Any CPU
	EndGlobalSection
	GlobalSection(ProjectConfigurationPlatforms) = postSolution
		{178AA74E-6C79-476F-B251-F09F837E2D87}.Debug|Any CPU.ActiveCfg = Debug|Any CPU
		{178AA74E-6C79-476F-B251-F09F837E2D87}.Debug|Any CPU.Build.0 = Debug|Any CPU
		{178AA74E-6C79-476F-B251-F09F837E2D87}.Release|Any CPU.ActiveCfg = Release|Any CPU
		{178AA74E-6C79-476F-B251-F09F837E2D87}.Release|Any CPU.Build.0 = Release|Any CPU
	EndGlobalSection
	GlobalSection(SolutionProperties) = preSolution
		HideSolutionNode = FALSE
	EndGlobalSection
	GlobalSection(ExtensibilityGlobals) = postSolution
		SolutionGuid = {3B0C4A67-5DFD-4530-A870-895999B545FD}
	EndGlobalSection
EndGlobal
